{
  "version": 4,
  "terraform_version": "1.6.6",
  "serial": 260,
  "lineage": "7bf18682-df48-2c05-f6f2-8ed747e04f8e",
  "outputs": {
    "external_ip_address_vm1": {
      "value": "158.160.97.240",
      "type": "string"
    },
    "external_ip_address_vm2": {
      "value": "62.84.118.139",
      "type": "string"
    },
    "external_ip_address_vm3_ansible": {
      "value": "51.250.70.230",
      "type": "string"
    }
  },
  "resources": [
    {
      "mode": "data",
      "type": "yandex_compute_image",
      "name": "my_image",
      "provider": "provider[\"registry.terraform.io/yandex-cloud/yandex\"]",
      "instances": [
        {
          "schema_version": 0,
          "attributes": {
            "created_at": "2024-01-17T11:26:00Z",
            "description": "Ubuntu 22.04 OsLogin",
            "family": "ubuntu-2204-lts-oslogin",
            "folder_id": "standard-images",
            "id": "fd8bu9gsckcm2351kqaq",
            "image_id": "fd8bu9gsckcm2351kqaq",
            "labels": {},
            "min_disk_size": 10,
            "name": "ubuntu-2204-lts-oslogin-v20240117",
            "os_type": "linux",
            "pooled": true,
            "product_ids": [
              "f2enmeob3apqiav2dd2l"
            ],
            "size": 7,
            "status": "ready"
          },
          "sensitive_attributes": []
        }
      ]
    },
    {
      "mode": "managed",
      "type": "yandex_compute_instance",
      "name": "vm",
      "provider": "provider[\"registry.terraform.io/yandex-cloud/yandex\"]",
      "instances": [
        {
          "schema_version": 1,
          "attributes": {
            "allow_recreate": null,
            "allow_stopping_for_update": true,
            "boot_disk": [
              {
                "auto_delete": true,
                "device_name": "fhm66g0safpqrpf14831",
                "disk_id": "fhm66g0safpqrpf14831",
                "initialize_params": [
                  {
                    "block_size": 4096,
                    "description": "",
                    "image_id": "fd8bu9gsckcm2351kqaq",
                    "name": "",
                    "size": 10,
                    "snapshot_id": "",
                    "type": "network-hdd"
                  }
                ],
                "mode": "READ_WRITE"
              }
            ],
            "created_at": "2024-01-25T14:30:03Z",
            "description": "",
            "filesystem": [],
            "folder_id": "b1g4rgnvqrkr112jmlr5",
            "fqdn": "fhm4mku32sp8ut2p65av.auto.internal",
            "gpu_cluster_id": "",
            "hostname": "",
            "id": "fhm4mku32sp8ut2p65av",
            "labels": null,
            "local_disk": [],
            "metadata": {
              "user-data": "#cloud-config\nusers:\n- name: Ansible\n  sudo: ALL=(ALL) NOPASSWD:ALL\n  shell: /bin/bash\n  ssh_authorized_keys:\n  - ssh-rsa AAAAB3NzaC1yc2EAAAADAQABAAACAQDAbwtzygq4IUsfozgkME+EKAhHejtclV6iT/n0KnToSXjg/WL1t8//yJTOdbZOi+2xWgr50y79Sn5TgCW2RZwuug74whe5H8UoV+9waX7nYuus/2xCz4SRyTzuqiksL0RWkOn9VguyQ/Oe1ITjedHfehu59xaaKyq71glOSMB8c9slvH6z+5MeT+V0xo8exJUbFsfEnUNl96J0oiiq8ZBJbfZ/G3X7BZ28aZkWg+IGPF0bq0ztNAimd/sysM9BRJlLQY9ooana9zWv+I1rxrSzg37x3e5KfHJknAKI5eXAnsPMKvAA0vkEaZoK5zNA2ch+SQ1uySrwNji3BZ4nIuz1JR6cBx1wLAzsojg7uG0m4xe1uKbhNKtNWurCh3MGPcz4Oi7ol9mwmviJ+JelMBmPM/IU2VV8yMLbGGuDuzfeelZYWTGVZ1iW2bpuGS54hvor3t1wprxkjEbAyqHBhseR64HPcdBAd1qpbkAqdVIPAA2DXYrtZpXj8+AGjlLKCK9tJbAeGtA8iSbiTPhmeOi9xa3Lck07UFORCTQ7i9WxP2yIHXEjDNGCktnums8uo+mZ3eSGtIPUOwRIouG/f53FtNwpJdh+OtGAL3pbpfwZHWSGsv0yUA0o7jS/mEO9a7xzQEjVbhnyPcEuXFCnLpF1GlHJPdtW1a9DjInwMCLFOQ== elf@ip-10-7-0-2.eu-central-1.compute.internal"
            },
            "metadata_options": [
              {
                "aws_v1_http_endpoint": 1,
                "aws_v1_http_token": 2,
                "gce_http_endpoint": 1,
                "gce_http_token": 1
              }
            ],
            "name": "vm1",
            "network_acceleration_type": "standard",
            "network_interface": [
              {
                "dns_record": [],
                "index": 0,
                "ip_address": "192.168.7.28",
                "ipv4": true,
                "ipv6": false,
                "ipv6_address": "",
                "ipv6_dns_record": [],
                "mac_address": "d0:0d:4b:53:c3:17",
                "nat": true,
                "nat_dns_record": [],
                "nat_ip_address": "158.160.97.240",
                "nat_ip_version": "IPV4",
                "security_group_ids": [],
                "subnet_id": "e9bomoolc5qrefnpqshq"
              }
            ],
            "placement_policy": [
              {
                "host_affinity_rules": [],
                "placement_group_id": ""
              }
            ],
            "platform_id": "standard-v1",
            "resources": [
              {
                "core_fraction": 20,
                "cores": 2,
                "gpus": 0,
                "memory": 2
              }
            ],
            "scheduling_policy": [
              {
                "preemptible": true
              }
            ],
            "secondary_disk": [],
            "service_account_id": "",
            "status": "running",
            "timeouts": null,
            "zone": "ru-central1-a"
          },
          "sensitive_attributes": [],
          "private": "eyJlMmJmYjczMC1lY2FhLTExZTYtOGY4OC0zNDM2M2JjN2M0YzAiOnsiY3JlYXRlIjozMDAwMDAwMDAwMDAsImRlbGV0ZSI6MzAwMDAwMDAwMDAwLCJ1cGRhdGUiOjMwMDAwMDAwMDAwMH0sInNjaGVtYV92ZXJzaW9uIjoiMSJ9",
          "dependencies": [
            "data.yandex_compute_image.my_image",
            "yandex_vpc_address.addr",
            "yandex_vpc_network.network",
            "yandex_vpc_subnet.subnet1"
          ]
        }
      ]
    },
    {
      "mode": "managed",
      "type": "yandex_compute_instance",
      "name": "vm2",
      "provider": "provider[\"registry.terraform.io/yandex-cloud/yandex\"]",
      "instances": [
        {
          "schema_version": 1,
          "attributes": {
            "allow_recreate": null,
            "allow_stopping_for_update": true,
            "boot_disk": [
              {
                "auto_delete": true,
                "device_name": "fhmgk6t61je0rk8pc87t",
                "disk_id": "fhmgk6t61je0rk8pc87t",
                "initialize_params": [
                  {
                    "block_size": 4096,
                    "description": "",
                    "image_id": "fd8bu9gsckcm2351kqaq",
                    "name": "",
                    "size": 10,
                    "snapshot_id": "",
                    "type": "network-hdd"
                  }
                ],
                "mode": "READ_WRITE"
              }
            ],
            "created_at": "2024-01-25T14:30:03Z",
            "description": "",
            "filesystem": [],
            "folder_id": "b1g4rgnvqrkr112jmlr5",
            "fqdn": "fhmeiitqfdt9uat5ihr5.auto.internal",
            "gpu_cluster_id": "",
            "hostname": "",
            "id": "fhmeiitqfdt9uat5ihr5",
            "labels": null,
            "local_disk": [],
            "metadata": {
              "user-data": "#cloud-config\nusers:\n- name: Ansible\n  sudo: ALL=(ALL) NOPASSWD:ALL\n  shell: /bin/bash\n  ssh_authorized_keys:\n  - ssh-rsa AAAAB3NzaC1yc2EAAAADAQABAAACAQDAbwtzygq4IUsfozgkME+EKAhHejtclV6iT/n0KnToSXjg/WL1t8//yJTOdbZOi+2xWgr50y79Sn5TgCW2RZwuug74whe5H8UoV+9waX7nYuus/2xCz4SRyTzuqiksL0RWkOn9VguyQ/Oe1ITjedHfehu59xaaKyq71glOSMB8c9slvH6z+5MeT+V0xo8exJUbFsfEnUNl96J0oiiq8ZBJbfZ/G3X7BZ28aZkWg+IGPF0bq0ztNAimd/sysM9BRJlLQY9ooana9zWv+I1rxrSzg37x3e5KfHJknAKI5eXAnsPMKvAA0vkEaZoK5zNA2ch+SQ1uySrwNji3BZ4nIuz1JR6cBx1wLAzsojg7uG0m4xe1uKbhNKtNWurCh3MGPcz4Oi7ol9mwmviJ+JelMBmPM/IU2VV8yMLbGGuDuzfeelZYWTGVZ1iW2bpuGS54hvor3t1wprxkjEbAyqHBhseR64HPcdBAd1qpbkAqdVIPAA2DXYrtZpXj8+AGjlLKCK9tJbAeGtA8iSbiTPhmeOi9xa3Lck07UFORCTQ7i9WxP2yIHXEjDNGCktnums8uo+mZ3eSGtIPUOwRIouG/f53FtNwpJdh+OtGAL3pbpfwZHWSGsv0yUA0o7jS/mEO9a7xzQEjVbhnyPcEuXFCnLpF1GlHJPdtW1a9DjInwMCLFOQ== elf@ip-10-7-0-2.eu-central-1.compute.internal"
            },
            "metadata_options": [
              {
                "aws_v1_http_endpoint": 1,
                "aws_v1_http_token": 2,
                "gce_http_endpoint": 1,
                "gce_http_token": 1
              }
            ],
            "name": "vm2",
            "network_acceleration_type": "standard",
            "network_interface": [
              {
                "dns_record": [],
                "index": 0,
                "ip_address": "192.168.7.13",
                "ipv4": true,
                "ipv6": false,
                "ipv6_address": "",
                "ipv6_dns_record": [],
                "mac_address": "d0:0d:e9:4b:ba:7b",
                "nat": true,
                "nat_dns_record": [],
                "nat_ip_address": "62.84.118.139",
                "nat_ip_version": "IPV4",
                "security_group_ids": [],
                "subnet_id": "e9bomoolc5qrefnpqshq"
              }
            ],
            "placement_policy": [
              {
                "host_affinity_rules": [],
                "placement_group_id": ""
              }
            ],
            "platform_id": "standard-v1",
            "resources": [
              {
                "core_fraction": 20,
                "cores": 2,
                "gpus": 0,
                "memory": 2
              }
            ],
            "scheduling_policy": [
              {
                "preemptible": true
              }
            ],
            "secondary_disk": [],
            "service_account_id": "",
            "status": "running",
            "timeouts": null,
            "zone": "ru-central1-a"
          },
          "sensitive_attributes": [],
          "private": "eyJlMmJmYjczMC1lY2FhLTExZTYtOGY4OC0zNDM2M2JjN2M0YzAiOnsiY3JlYXRlIjozMDAwMDAwMDAwMDAsImRlbGV0ZSI6MzAwMDAwMDAwMDAwLCJ1cGRhdGUiOjMwMDAwMDAwMDAwMH0sInNjaGVtYV92ZXJzaW9uIjoiMSJ9",
          "dependencies": [
            "data.yandex_compute_image.my_image",
            "yandex_vpc_address.addr2",
            "yandex_vpc_network.network",
            "yandex_vpc_subnet.subnet1"
          ]
        }
      ]
    },
    {
      "mode": "managed",
      "type": "yandex_compute_instance",
      "name": "vm3",
      "provider": "provider[\"registry.terraform.io/yandex-cloud/yandex\"]",
      "instances": [
        {
          "schema_version": 1,
          "attributes": {
            "allow_recreate": null,
            "allow_stopping_for_update": true,
            "boot_disk": [
              {
                "auto_delete": true,
                "device_name": "fhmv3qgl2b2i37hbfbfc",
                "disk_id": "fhmv3qgl2b2i37hbfbfc",
                "initialize_params": [
                  {
                    "block_size": 4096,
                    "description": "",
                    "image_id": "fd8qs4k9kv4rdj5mgq02",
                    "name": "",
                    "size": 10,
                    "snapshot_id": "",
                    "type": "network-hdd"
                  }
                ],
                "mode": "READ_WRITE"
              }
            ],
            "created_at": "2024-01-25T14:30:03Z",
            "description": "",
            "filesystem": [],
            "folder_id": "b1g4rgnvqrkr112jmlr5",
            "fqdn": "fhm4ameik50e8garm3l5.auto.internal",
            "gpu_cluster_id": "",
            "hostname": "",
            "id": "fhm4ameik50e8garm3l5",
            "labels": null,
            "local_disk": [],
            "metadata": {
              "user-data": "#cloud-config\nusers:\n- name: Ansible\n  sudo: ALL=(ALL) NOPASSWD:ALL\n  shell: /bin/bash\n  ssh_authorized_keys:\n  - ssh-rsa AAAAB3NzaC1yc2EAAAADAQABAAACAQDAbwtzygq4IUsfozgkME+EKAhHejtclV6iT/n0KnToSXjg/WL1t8//yJTOdbZOi+2xWgr50y79Sn5TgCW2RZwuug74whe5H8UoV+9waX7nYuus/2xCz4SRyTzuqiksL0RWkOn9VguyQ/Oe1ITjedHfehu59xaaKyq71glOSMB8c9slvH6z+5MeT+V0xo8exJUbFsfEnUNl96J0oiiq8ZBJbfZ/G3X7BZ28aZkWg+IGPF0bq0ztNAimd/sysM9BRJlLQY9ooana9zWv+I1rxrSzg37x3e5KfHJknAKI5eXAnsPMKvAA0vkEaZoK5zNA2ch+SQ1uySrwNji3BZ4nIuz1JR6cBx1wLAzsojg7uG0m4xe1uKbhNKtNWurCh3MGPcz4Oi7ol9mwmviJ+JelMBmPM/IU2VV8yMLbGGuDuzfeelZYWTGVZ1iW2bpuGS54hvor3t1wprxkjEbAyqHBhseR64HPcdBAd1qpbkAqdVIPAA2DXYrtZpXj8+AGjlLKCK9tJbAeGtA8iSbiTPhmeOi9xa3Lck07UFORCTQ7i9WxP2yIHXEjDNGCktnums8uo+mZ3eSGtIPUOwRIouG/f53FtNwpJdh+OtGAL3pbpfwZHWSGsv0yUA0o7jS/mEO9a7xzQEjVbhnyPcEuXFCnLpF1GlHJPdtW1a9DjInwMCLFOQ== elf@ip-10-7-0-2.eu-central-1.compute.internal"
            },
            "metadata_options": [
              {
                "aws_v1_http_endpoint": 1,
                "aws_v1_http_token": 2,
                "gce_http_endpoint": 1,
                "gce_http_token": 1
              }
            ],
            "name": "vm3",
            "network_acceleration_type": "standard",
            "network_interface": [
              {
                "dns_record": [],
                "index": 0,
                "ip_address": "192.168.7.8",
                "ipv4": true,
                "ipv6": false,
                "ipv6_address": "",
                "ipv6_dns_record": [],
                "mac_address": "d0:0d:45:59:d2:a1",
                "nat": true,
                "nat_dns_record": [],
                "nat_ip_address": "51.250.70.230",
                "nat_ip_version": "IPV4",
                "security_group_ids": [],
                "subnet_id": "e9bomoolc5qrefnpqshq"
              }
            ],
            "placement_policy": [
              {
                "host_affinity_rules": [],
                "placement_group_id": ""
              }
            ],
            "platform_id": "standard-v1",
            "resources": [
              {
                "core_fraction": 20,
                "cores": 2,
                "gpus": 0,
                "memory": 2
              }
            ],
            "scheduling_policy": [
              {
                "preemptible": true
              }
            ],
            "secondary_disk": [],
            "service_account_id": "",
            "status": "running",
            "timeouts": null,
            "zone": "ru-central1-a"
          },
          "sensitive_attributes": [],
          "private": "eyJlMmJmYjczMC1lY2FhLTExZTYtOGY4OC0zNDM2M2JjN2M0YzAiOnsiY3JlYXRlIjozMDAwMDAwMDAwMDAsImRlbGV0ZSI6MzAwMDAwMDAwMDAwLCJ1cGRhdGUiOjMwMDAwMDAwMDAwMH0sInNjaGVtYV92ZXJzaW9uIjoiMSJ9",
          "dependencies": [
            "yandex_vpc_address.addr3",
            "yandex_vpc_network.network",
            "yandex_vpc_subnet.subnet1"
          ]
        }
      ]
    },
    {
      "mode": "managed",
      "type": "yandex_vpc_address",
      "name": "addr",
      "provider": "provider[\"registry.terraform.io/yandex-cloud/yandex\"]",
      "instances": [
        {
          "schema_version": 0,
          "attributes": {
            "created_at": "2024-01-25T14:30:01Z",
            "deletion_protection": false,
            "description": "",
            "external_ipv4_address": [
              {
                "address": "158.160.97.240",
                "ddos_protection_provider": "",
                "outgoing_smtp_capability": "",
                "zone_id": "ru-central1-a"
              }
            ],
            "folder_id": "b1g4rgnvqrkr112jmlr5",
            "id": "e9b81v5mjm5r74cbe9se",
            "labels": {},
            "name": "vm-adress",
            "reserved": true,
            "timeouts": null,
            "used": false
          },
          "sensitive_attributes": [],
          "private": "eyJlMmJmYjczMC1lY2FhLTExZTYtOGY4OC0zNDM2M2JjN2M0YzAiOnsiY3JlYXRlIjozMDAwMDAwMDAwMCwiZGVsZXRlIjozMDAwMDAwMDAwMCwidXBkYXRlIjozMDAwMDAwMDAwMH19"
        }
      ]
    },
    {
      "mode": "managed",
      "type": "yandex_vpc_address",
      "name": "addr2",
      "provider": "provider[\"registry.terraform.io/yandex-cloud/yandex\"]",
      "instances": [
        {
          "schema_version": 0,
          "attributes": {
            "created_at": "2024-01-25T14:30:00Z",
            "deletion_protection": false,
            "description": "",
            "external_ipv4_address": [
              {
                "address": "62.84.118.139",
                "ddos_protection_provider": "",
                "outgoing_smtp_capability": "",
                "zone_id": "ru-central1-a"
              }
            ],
            "folder_id": "b1g4rgnvqrkr112jmlr5",
            "id": "e9b81ptqg4hlcu6o04b0",
            "labels": {},
            "name": "vm-adress2",
            "reserved": true,
            "timeouts": null,
            "used": false
          },
          "sensitive_attributes": [],
          "private": "eyJlMmJmYjczMC1lY2FhLTExZTYtOGY4OC0zNDM2M2JjN2M0YzAiOnsiY3JlYXRlIjozMDAwMDAwMDAwMCwiZGVsZXRlIjozMDAwMDAwMDAwMCwidXBkYXRlIjozMDAwMDAwMDAwMH19"
        }
      ]
    },
    {
      "mode": "managed",
      "type": "yandex_vpc_address",
      "name": "addr3",
      "provider": "provider[\"registry.terraform.io/yandex-cloud/yandex\"]",
      "instances": [
        {
          "schema_version": 0,
          "attributes": {
            "created_at": "2024-01-25T14:30:02Z",
            "deletion_protection": false,
            "description": "",
            "external_ipv4_address": [
              {
                "address": "51.250.70.230",
                "ddos_protection_provider": "",
                "outgoing_smtp_capability": "",
                "zone_id": "ru-central1-a"
              }
            ],
            "folder_id": "b1g4rgnvqrkr112jmlr5",
            "id": "e9b96kkic5h6jg7nrbh0",
            "labels": {},
            "name": "vm-adress3",
            "reserved": true,
            "timeouts": null,
            "used": false
          },
          "sensitive_attributes": [],
          "private": "eyJlMmJmYjczMC1lY2FhLTExZTYtOGY4OC0zNDM2M2JjN2M0YzAiOnsiY3JlYXRlIjozMDAwMDAwMDAwMCwiZGVsZXRlIjozMDAwMDAwMDAwMCwidXBkYXRlIjozMDAwMDAwMDAwMH19"
        }
      ]
    },
    {
      "mode": "managed",
      "type": "yandex_vpc_network",
      "name": "network",
      "provider": "provider[\"registry.terraform.io/yandex-cloud/yandex\"]",
      "instances": [
        {
          "schema_version": 0,
          "attributes": {
            "created_at": "2024-01-25T14:30:00Z",
            "default_security_group_id": "enpsd76je8lgpt0ti99n",
            "description": "",
            "folder_id": "b1g4rgnvqrkr112jmlr5",
            "id": "enp2rhaj7p759l8p75im",
            "labels": {},
            "name": "sf_network",
            "subnet_ids": [],
            "timeouts": null
          },
          "sensitive_attributes": [],
          "private": "eyJlMmJmYjczMC1lY2FhLTExZTYtOGY4OC0zNDM2M2JjN2M0YzAiOnsiY3JlYXRlIjo2MDAwMDAwMDAwMCwiZGVsZXRlIjo2MDAwMDAwMDAwMCwidXBkYXRlIjo2MDAwMDAwMDAwMH19"
        }
      ]
    },
    {
      "mode": "managed",
      "type": "yandex_vpc_subnet",
      "name": "subnet1",
      "provider": "provider[\"registry.terraform.io/yandex-cloud/yandex\"]",
      "instances": [
        {
          "schema_version": 0,
          "attributes": {
            "created_at": "2024-01-25T14:30:02Z",
            "description": "",
            "dhcp_options": [],
            "folder_id": "b1g4rgnvqrkr112jmlr5",
            "id": "e9bomoolc5qrefnpqshq",
            "labels": {},
            "name": "subnet1",
            "network_id": "enp2rhaj7p759l8p75im",
            "route_table_id": "",
            "timeouts": null,
            "v4_cidr_blocks": [
              "192.168.7.0/24"
            ],
            "v6_cidr_blocks": [],
            "zone": "ru-central1-a"
          },
          "sensitive_attributes": [],
          "private": "eyJlMmJmYjczMC1lY2FhLTExZTYtOGY4OC0zNDM2M2JjN2M0YzAiOnsiY3JlYXRlIjoxODAwMDAwMDAwMDAsImRlbGV0ZSI6MTgwMDAwMDAwMDAwLCJ1cGRhdGUiOjE4MDAwMDAwMDAwMH19",
          "dependencies": [
            "yandex_vpc_network.network"
          ]
        }
      ]
    }
  ],
  "check_results": null
}
